{"1.2.0",
[{<<"antidote_pb_codec">>,
  {git,"https://github.com/mrshankly/antidote_pb_codec.git",
       {ref,"e84876bde467ee50f2fe224bdf483a38fe130643"}},
  1},
 {<<"antidotec_pb">>,
  {git,"https://github.com/mrshankly/antidote-erlang-client.git",
       {ref,"e145e9a63c448f9d8ae0d245710e461277c70a2c"}},
  0},
 {<<"cowboy">>,{pkg,<<"cowboy">>,<<"2.8.0">>},0},
 {<<"cowlib">>,{pkg,<<"cowlib">>,<<"2.9.1">>},1},
 {<<"eredis">>,{pkg,<<"eredis">>,<<"1.2.0">>},1},
 {<<"eredis_cluster">>,
  {git,"https://github.com/adrienmo/eredis_cluster",
       {ref,"69dd345867bd14353890c559ed07820e6c001ef2"}},
  0},
 {<<"goldrush">>,{pkg,<<"goldrush">>,<<"0.1.9">>},1},
 {<<"hamcrest">>,{pkg,<<"basho_hamcrest">>,<<"0.4.1">>},2},
 {<<"jsx">>,{pkg,<<"jsx">>,<<"2.11.0">>},0},
 {<<"lager">>,{pkg,<<"lager">>,<<"3.8.0">>},0},
 {<<"poolboy">>,{pkg,<<"poolboy">>,<<"1.5.2">>},0},
 {<<"ranch">>,{pkg,<<"ranch">>,<<"1.7.1">>},1},
 {<<"riak_client">>,{pkg,<<"riak_client">>,<<"2.5.3">>},0},
 {<<"riak_pb">>,{pkg,<<"riak_pb">>,<<"2.3.2">>},1}]}.
[
{pkg_hash,[
 {<<"cowboy">>, <<"F3DC62E35797ECD9AC1B50DB74611193C29815401E53BAC9A5C0577BD7BC667D">>},
 {<<"cowlib">>, <<"61A6C7C50CF07FDD24B2F45B89500BB93B6686579B069A89F88CB211E1125C78">>},
 {<<"eredis">>, <<"0B8E9CFC2C00FA1374CD107EA63B49BE08D933DF2CF175E6A89B73DD9C380DE4">>},
 {<<"goldrush">>, <<"F06E5D5F1277DA5C413E84D5A2924174182FB108DABB39D5EC548B27424CD106">>},
 {<<"hamcrest">>, <<"FB7B2C92D252A1E9DB936750B86089ADDAEBEB8F87967FB4BBDDA61E8863338E">>},
 {<<"jsx">>, <<"08154624050333919B4AC1B789667D5F4DB166DC50E190C4D778D1587F102EE0">>},
 {<<"lager">>, <<"3402B9A7E473680CA179FC2F1D827CAB88DD37DD1E6113090C6F45EF05228A1C">>},
 {<<"poolboy">>, <<"392B007A1693A64540CEAD79830443ABF5762F5D30CF50BC95CB2C1AAAFA006B">>},
 {<<"ranch">>, <<"6B1FAB51B49196860B733A49C07604465A47BDB78AA10C1C16A3D199F7F8C881">>},
 {<<"riak_client">>, <<"6B78373E576D80C7020BCBDA3B2C102221D32863580404F59D8791E5CDC19E79">>},
 {<<"riak_pb">>, <<"48FFBF66DBB3F136AB9A7134BAC4E496754BAA5EF58C4F50A61326736D996390">>}]},
{pkg_hash_ext,[
 {<<"cowboy">>, <<"4643E4FBA74AC96D4D152C75803DE6FAD0B3FA5DF354C71AFDD6CBEEB15FAC8A">>},
 {<<"cowlib">>, <<"E4175DC240A70D996156160891E1C62238EDE1729E45740BDD38064DAD476170">>},
 {<<"eredis">>, <<"D9B5ABEF2C2C8ABA8F32AA018203E0B3DC8B1157773B254AB1D4C2002317F1E1">>},
 {<<"goldrush">>, <<"99CB4128CFFCB3227581E5D4D803D5413FA643F4EB96523F77D9E6937D994CEB">>},
 {<<"hamcrest">>, <<"26974025BC61BC09EF5B13BE5DCE5035CA11BF37BF4A865E9D86C455C942298F">>},
 {<<"jsx">>, <<"EED26A0D04D217F9EECEFFFB89714452556CF90EB38F290A27A4D45B9988F8C0">>},
 {<<"lager">>, <<"F6CB541B688EAB60730D8D286EB77256A5A9AD06EAC10D43BEAF55D07E68BBB6">>},
 {<<"poolboy">>, <<"DAD79704CE5440F3D5A3681C8590B9DC25D1A561E8F5A9C995281012860901E3">>},
 {<<"ranch">>, <<"451D8527787DF716D99DC36162FCA05934915DB0B6141BBDAC2EA8D3C7AFC7D7">>},
 {<<"riak_client">>, <<"B792DB3CF207BE19778EE1E3F1DC37EA14A55DF8F9B148D19E9A095661A5DACC">>},
 {<<"riak_pb">>, <<"7C0644BCBA8A423DD9C1AB85B6E7FF4DF0712D8A350F9698647CFF1996F0348C">>}]}
].
